
Microsoft Visual Studio Solution File, Format Version 12.00
# Visual Studio Version 17
VisualStudioVersion = 17.6.33829.357
MinimumVisualStudioVersion = 10.0.40219.1
Project("{FAE04EC0-301F-11D3-BF4B-00C04F79EFBC}") = "KareKodOlusturucu", "KareKodOlusturucu\KareKodOlusturucu.csproj", "{D340EA40-501F-4941-A0FF-B2FE253093B2}"
EndProject
Global
	GlobalSection(SolutionConfigurationPlatforms) = preSolution
		Debug|Any CPU = Debug|Any CPU
		Release|Any CPU = Release|Any CPU
	EndGlobalSection
	GlobalSection(ProjectConfigurationPlatforms) = postSolution
		{D340EA40-501F-4941-A0FF-B2FE253093B2}.Debug|Any CPU.ActiveCfg = Debug|Any CPU
		{D340EA40-501F-4941-A0FF-B2FE253093B2}.Debug|Any CPU.Build.0 = Debug|Any CPU
		{D340EA40-501F-4941-A0FF-B2FE253093B2}.Release|Any CPU.ActiveCfg = Release|Any CPU
		{D340EA40-501F-4941-A0FF-B2FE253093B2}.Release|Any CPU.Build.0 = Release|Any CPU
	EndGlobalSection
	GlobalSection(SolutionProperties) = preSolution
		HideSolutionNode = FALSE
	EndGlobalSection
	GlobalSection(ExtensibilityGlobals) = postSolution
		SolutionGuid = {F5D32FF8-5BE3-45EF-AEB1-4E13707F157B}
	EndGlobalSection
EndGlobal
